{"packages":{"logging":{"version":"0.2.10+1","source":"hosted","description":"logging"},"objectory":{"version":"0.0.8-dev","source":"git","description":{"url":"https://github.com/vadimtsushko/objectory.git","ref":null,"resolved-ref":"663a607d2fdf5c81330d6af5e442b53fca064c43"}},"args":{"version":"0.2.10+1","source":"hosted","description":"args"},"unittest":{"version":"0.2.10+1","source":"hosted","description":"unittest"},"mongo_dart":{"version":"0.0.12-dev","source":"git","description":{"url":"https://github.com/vadimtsushko/mongo_dart","ref":null,"resolved-ref":"927a3dd3754dcdb95e9077787ff7459dc11bed7c"}},"lawndart":{"version":"0.1.0","source":"hosted","description":"lawndart"},"browser":{"version":"0.0.1","source":"hosted","description":"browser"},"meta":{"version":"0.2.10+1","source":"hosted","description":"meta"}}}